# THIS IS AN AUTOGENERATED FILE. DO NOT EDIT THIS FILE DIRECTLY.
# yarn lockfile v1


"@hotwired/stimulus@3.0.1":
  version "3.0.1"
  resolved "https://registry.yarnpkg.com/@hotwired/stimulus/-/stimulus-3.0.1.tgz#141f15645acaa3b133b7c247cad58ae252ffae85"
  integrity sha512-oHsJhgY2cip+K2ED7vKUNd2P+BEswVhrCYcJ802DSsblJFv7mPFVk3cQKvm2vHgHeDVdnj7oOKrBbzp1u8D+KA==

"@hotwired/turbo-rails@7.1.0":
  version "7.1.0"
  resolved "https://registry.yarnpkg.com/@hotwired/turbo-rails/-/turbo-rails-7.1.0.tgz#63df3f0e11aea7c451983266c80ad8896f310952"
  integrity sha512-eB/PTZQYl7dPm51AfBwm0sBpohJ7eir/JmuOfwJG297lEEA8sFcvpxVON/87Ne97OyAOcORZtLpX0KB+t9afyw==
  dependencies:
    "@hotwired/turbo" "^7.1.0"
    "@rails/actioncable" "^6.0.0"

"@hotwired/turbo@^7.1.0":
  version "7.1.0"
  resolved "https://registry.yarnpkg.com/@hotwired/turbo/-/turbo-7.1.0.tgz#27e44e0e3dc5bd1d4bda0766d579cf5a14091cd7"
  integrity sha512-Q8kGjqwPqER+CtpQudbH+3Zgs2X4zb6pBAlr6NsKTXadg45pAOvxI9i4QpuHbwSzR2+x87HUm+rot9F/Pe8rxA==

"@parcel/watcher-android-arm64@2.4.1":
  version "2.4.1"
  resolved "https://registry.yarnpkg.com/@parcel/watcher-android-arm64/-/watcher-android-arm64-2.4.1.tgz#c2c19a3c442313ff007d2d7a9c2c1dd3e1c9ca84"
  integrity sha512-LOi/WTbbh3aTn2RYddrO8pnapixAziFl6SMxHM69r3tvdSm94JtCenaKgk1GRg5FJ5wpMCpHeW+7yqPlvZv7kg==

"@parcel/watcher-darwin-arm64@2.4.1":
  version "2.4.1"
  resolved "https://registry.yarnpkg.com/@parcel/watcher-darwin-arm64/-/watcher-darwin-arm64-2.4.1.tgz#c817c7a3b4f3a79c1535bfe54a1c2818d9ffdc34"
  integrity sha512-ln41eihm5YXIY043vBrrHfn94SIBlqOWmoROhsMVTSXGh0QahKGy77tfEywQ7v3NywyxBBkGIfrWRHm0hsKtzA==

"@parcel/watcher-darwin-x64@2.4.1":
  version "2.4.1"
  resolved "https://registry.yarnpkg.com/@parcel/watcher-darwin-x64/-/watcher-darwin-x64-2.4.1.tgz#1a3f69d9323eae4f1c61a5f480a59c478d2cb020"
  integrity sha512-yrw81BRLjjtHyDu7J61oPuSoeYWR3lDElcPGJyOvIXmor6DEo7/G2u1o7I38cwlcoBHQFULqF6nesIX3tsEXMg==

"@parcel/watcher-freebsd-x64@2.4.1":
  version "2.4.1"
  resolved "https://registry.yarnpkg.com/@parcel/watcher-freebsd-x64/-/watcher-freebsd-x64-2.4.1.tgz#0d67fef1609f90ba6a8a662bc76a55fc93706fc8"
  integrity sha512-TJa3Pex/gX3CWIx/Co8k+ykNdDCLx+TuZj3f3h7eOjgpdKM+Mnix37RYsYU4LHhiYJz3DK5nFCCra81p6g050w==

"@parcel/watcher-linux-arm-glibc@2.4.1":
  version "2.4.1"
  resolved "https://registry.yarnpkg.com/@parcel/watcher-linux-arm-glibc/-/watcher-linux-arm-glibc-2.4.1.tgz#ce5b340da5829b8e546bd00f752ae5292e1c702d"
  integrity sha512-4rVYDlsMEYfa537BRXxJ5UF4ddNwnr2/1O4MHM5PjI9cvV2qymvhwZSFgXqbS8YoTk5i/JR0L0JDs69BUn45YA==

"@parcel/watcher-linux-arm64-glibc@2.4.1":
  version "2.4.1"
  resolved "https://registry.yarnpkg.com/@parcel/watcher-linux-arm64-glibc/-/watcher-linux-arm64-glibc-2.4.1.tgz#6d7c00dde6d40608f9554e73998db11b2b1ff7c7"
  integrity sha512-BJ7mH985OADVLpbrzCLgrJ3TOpiZggE9FMblfO65PlOCdG++xJpKUJ0Aol74ZUIYfb8WsRlUdgrZxKkz3zXWYA==

"@parcel/watcher-linux-arm64-musl@2.4.1":
  version "2.4.1"
  resolved "https://registry.yarnpkg.com/@parcel/watcher-linux-arm64-musl/-/watcher-linux-arm64-musl-2.4.1.tgz#bd39bc71015f08a4a31a47cd89c236b9d6a7f635"
  integrity sha512-p4Xb7JGq3MLgAfYhslU2SjoV9G0kI0Xry0kuxeG/41UfpjHGOhv7UoUDAz/jb1u2elbhazy4rRBL8PegPJFBhA==

"@parcel/watcher-linux-x64-glibc@2.4.1":
  version "2.4.1"
  resolved "https://registry.yarnpkg.com/@parcel/watcher-linux-x64-glibc/-/watcher-linux-x64-glibc-2.4.1.tgz#0ce29966b082fb6cdd3de44f2f74057eef2c9e39"
  integrity sha512-s9O3fByZ/2pyYDPoLM6zt92yu6P4E39a03zvO0qCHOTjxmt3GHRMLuRZEWhWLASTMSrrnVNWdVI/+pUElJBBBg==

"@parcel/watcher-linux-x64-musl@2.4.1":
  version "2.4.1"
  resolved "https://registry.yarnpkg.com/@parcel/watcher-linux-x64-musl/-/watcher-linux-x64-musl-2.4.1.tgz#d2ebbf60e407170bb647cd6e447f4f2bab19ad16"
  integrity sha512-L2nZTYR1myLNST0O632g0Dx9LyMNHrn6TOt76sYxWLdff3cB22/GZX2UPtJnaqQPdCRoszoY5rcOj4oMTtp5fQ==

"@parcel/watcher-win32-arm64@2.4.1":
  version "2.4.1"
  resolved "https://registry.yarnpkg.com/@parcel/watcher-win32-arm64/-/watcher-win32-arm64-2.4.1.tgz#eb4deef37e80f0b5e2f215dd6d7a6d40a85f8adc"
  integrity sha512-Uq2BPp5GWhrq/lcuItCHoqxjULU1QYEcyjSO5jqqOK8RNFDBQnenMMx4gAl3v8GiWa59E9+uDM7yZ6LxwUIfRg==

"@parcel/watcher-win32-ia32@2.4.1":
  version "2.4.1"
  resolved "https://registry.yarnpkg.com/@parcel/watcher-win32-ia32/-/watcher-win32-ia32-2.4.1.tgz#94fbd4b497be39fd5c8c71ba05436927842c9df7"
  integrity sha512-maNRit5QQV2kgHFSYwftmPBxiuK5u4DXjbXx7q6eKjq5dsLXZ4FJiVvlcw35QXzk0KrUecJmuVFbj4uV9oYrcw==

"@parcel/watcher-win32-x64@2.4.1":
  version "2.4.1"
  resolved "https://registry.yarnpkg.com/@parcel/watcher-win32-x64/-/watcher-win32-x64-2.4.1.tgz#4bf920912f67cae5f2d264f58df81abfea68dadf"
  integrity sha512-+DvS92F9ezicfswqrvIRM2njcYJbd5mb9CUgtrHCHmvn7pPPa+nMDRu1o1bYYz/l5IB2NVGNJWiH7h1E58IF2A==

"@parcel/watcher@^2.4.1":
  version "2.4.1"
  resolved "https://registry.yarnpkg.com/@parcel/watcher/-/watcher-2.4.1.tgz#a50275151a1bb110879c6123589dba90c19f1bf8"
  integrity sha512-HNjmfLQEVRZmHRET336f20H/8kOozUGwk7yajvsonjNxbj2wBTK1WsQuHkD5yYh9RxFGL2EyDHryOihOwUoKDA==
  dependencies:
    detect-libc "^1.0.3"
    is-glob "^4.0.3"
    micromatch "^4.0.5"
    node-addon-api "^7.0.0"
  optionalDependencies:
    "@parcel/watcher-android-arm64" "2.4.1"
    "@parcel/watcher-darwin-arm64" "2.4.1"
    "@parcel/watcher-darwin-x64" "2.4.1"
    "@parcel/watcher-freebsd-x64" "2.4.1"
    "@parcel/watcher-linux-arm-glibc" "2.4.1"
    "@parcel/watcher-linux-arm64-glibc" "2.4.1"
    "@parcel/watcher-linux-arm64-musl" "2.4.1"
    "@parcel/watcher-linux-x64-glibc" "2.4.1"
    "@parcel/watcher-linux-x64-musl" "2.4.1"
    "@parcel/watcher-win32-arm64" "2.4.1"
    "@parcel/watcher-win32-ia32" "2.4.1"
    "@parcel/watcher-win32-x64" "2.4.1"

"@popperjs/core@2.11.2":
  version "2.11.2"
  resolved "https://registry.yarnpkg.com/@popperjs/core/-/core-2.11.2.tgz#830beaec4b4091a9e9398ac50f865ddea52186b9"
  integrity sha512-92FRmppjjqz29VMJ2dn+xdyXZBrMlE42AV6Kq6BwjWV7CNUW1hs2FtxSNLQE+gJhaZ6AAmYuO9y8dshhcBl7vA==

"@rails/actioncable@^6.0.0":
  version "6.1.4"
  resolved "https://registry.yarnpkg.com/@rails/actioncable/-/actioncable-6.1.4.tgz#c3c5a9f8302c429af9722b6c50ab48049016d2a3"
  integrity sha512-0LmSKJTuo2dL6BQ+9xxLnS9lbkyfz2mBGeBnQ2J7o9Bn0l0q+ZC6VuoZMZZXPvABI4QT7Nfknv5WhfKYL+boew==

bootstrap@5.1.3:
  version "5.1.3"
  resolved "https://registry.yarnpkg.com/bootstrap/-/bootstrap-5.1.3.tgz#ba081b0c130f810fa70900acbc1c6d3c28fa8f34"
  integrity sha512-fcQztozJ8jToQWXxVuEyXWW+dSo8AiXWKwiSSrKWsRB/Qt+Ewwza+JWoLKiTuQLaEPhdNAJ7+Dosc9DOIqNy7Q==

braces@^3.0.3:
  version "3.0.3"
  resolved "https://registry.yarnpkg.com/braces/-/braces-3.0.3.tgz#490332f40919452272d55a8480adc0c441358789"
  integrity sha512-yQbXgO/OSZVD2IsiLlro+7Hf6Q18EJrKSEsdoMzKePKXct3gvD8oLcOQdIzGupr5Fj+EDe8gO/lxc1BzfMpxvA==
  dependencies:
    fill-range "^7.1.1"

chokidar@^4.0.0:
  version "4.0.1"
  resolved "https://registry.yarnpkg.com/chokidar/-/chokidar-4.0.1.tgz#4a6dff66798fb0f72a94f616abbd7e1a19f31d41"
  integrity sha512-n8enUVCED/KVRQlab1hr3MVpcVMvxtZjmEa956u+4YijlmQED223XMSYj2tLuKvr4jcCTzNNMpQDUer72MMmzA==
  dependencies:
    readdirp "^4.0.1"

detect-libc@^1.0.3:
  version "1.0.3"
  resolved "https://registry.yarnpkg.com/detect-libc/-/detect-libc-1.0.3.tgz#fa137c4bd698edf55cd5cd02ac559f91a4c4ba9b"
  integrity sha512-pGjwhsmsp4kL2RTz08wcOlGN83otlqHeD/Z5T8GXZB+/YcpQ/dgo+lbU8ZsGxV0HIvqqxo9l7mqYwyYMD9bKDg==

esbuild-android-arm64@0.14.10:
  version "0.14.10"
  resolved "https://registry.yarnpkg.com/esbuild-android-arm64/-/esbuild-android-arm64-0.14.10.tgz#c854db57dc2d4df6f4f62185ca812f26a132bf1e"
  integrity sha512-vzkTafHKoiMX4uIN1kBnE/HXYLpNT95EgGanVk6DHGeYgDolU0NBxjO7yZpq4ZGFPOx8384eAdDrBYhO11TAlQ==

esbuild-darwin-64@0.14.10:
  version "0.14.10"
  resolved "https://registry.yarnpkg.com/esbuild-darwin-64/-/esbuild-darwin-64-0.14.10.tgz#c44fab6b8bfc83e5d083f513e4acbff14fb82eac"
  integrity sha512-DJwzFVB95ZV7C3PQbf052WqaUuuMFXJeZJ0LKdnP1w+QOU0rlbKfX0tzuhoS//rOXUj1TFIwRuRsd0FX6skR7A==

esbuild-darwin-arm64@0.14.10:
  version "0.14.10"
  resolved "https://registry.yarnpkg.com/esbuild-darwin-arm64/-/esbuild-darwin-arm64-0.14.10.tgz#9454b3763b36407dc395c4c3529fb5ddd4a6225f"
  integrity sha512-RNaaoZDg3nsqs5z56vYCjk/VJ76npf752W0rOaCl5lO5TsgV9zecfdYgt7dtUrIx8b7APhVaNYud+tGsDOVC9g==

esbuild-freebsd-64@0.14.10:
  version "0.14.10"
  resolved "https://registry.yarnpkg.com/esbuild-freebsd-64/-/esbuild-freebsd-64-0.14.10.tgz#04eef46d5d5e4152c6b5a6a12f432db0fe7c89de"
  integrity sha512-10B3AzW894u6bGZZhWiJOHw1uEHb4AFbUuBdyml1Ht0vIqd+KqWW+iY/yMwQAzILr2WJZqEhbOXRkJtY8aRqOw==

esbuild-freebsd-arm64@0.14.10:
  version "0.14.10"
  resolved "https://registry.yarnpkg.com/esbuild-freebsd-arm64/-/esbuild-freebsd-arm64-0.14.10.tgz#67ca88529543ada948737c95819253ead16494a7"
  integrity sha512-mSQrKB7UaWvuryBTCo9leOfY2uEUSimAvcKIaUWbk5Hth9Sg+Try+qNA/NibPgs/vHkX0KFo/Rce6RPea+P15g==

esbuild-linux-32@0.14.10:
  version "0.14.10"
  resolved "https://registry.yarnpkg.com/esbuild-linux-32/-/esbuild-linux-32-0.14.10.tgz#8f3d5fb0b9b616d6b604da781d71767d7679f64f"
  integrity sha512-lktF09JgJLZ63ANYHIPdYe339PDuVn19Q/FcGKkXWf+jSPkn5xkYzAabboNGZNUgNqSJ/vY7VrOn6UrBbJjgYA==

esbuild-linux-64@0.14.10:
  version "0.14.10"
  resolved "https://registry.yarnpkg.com/esbuild-linux-64/-/esbuild-linux-64-0.14.10.tgz#c1c60a079c4709164bdd89fbb007a2edeea7c34a"
  integrity sha512-K+gCQz2oLIIBI8ZM77e9sYD5/DwEpeYCrOQ2SYXx+R4OU2CT9QjJDi4/OpE7ko4AcYMlMW7qrOCuLSgAlEj4Wg==

esbuild-linux-arm64@0.14.10:
  version "0.14.10"
  resolved "https://registry.yarnpkg.com/esbuild-linux-arm64/-/esbuild-linux-arm64-0.14.10.tgz#d8f1f89190f6d8b6e06a1214aafba454e5daa990"
  integrity sha512-+qocQuQvcp5wo/V+OLXxqHPc+gxHttJEvbU/xrCGE03vIMqraL4wMua8JQx0SWEnJCWP+Nhf//v8OSwz1Xr5kA==

esbuild-linux-arm@0.14.10:
  version "0.14.10"
  resolved "https://registry.yarnpkg.com/esbuild-linux-arm/-/esbuild-linux-arm-0.14.10.tgz#43192a00019a4553fb44e67f628fff0f560f16c2"
  integrity sha512-BYa60dZ/KPmNKYxtHa3LSEdfKWHcm/RzP0MjB4AeBPhjS0D6/okhaBesZIY9kVIGDyeenKsJNOmnVt4+dhNnvQ==

esbuild-linux-mips64le@0.14.10:
  version "0.14.10"
  resolved "https://registry.yarnpkg.com/esbuild-linux-mips64le/-/esbuild-linux-mips64le-0.14.10.tgz#f57bb8b2f1a3063cc91cfd787c8a9130cf863c16"
  integrity sha512-nmUd2xoBXpGo4NJCEWoaBj+n4EtDoLEvEYc8Z3aSJrY0Oa6s04czD1flmhd0I/d6QEU8b7GQ9U0g/rtBfhtxBg==

esbuild-linux-ppc64le@0.14.10:
  version "0.14.10"
  resolved "https://registry.yarnpkg.com/esbuild-linux-ppc64le/-/esbuild-linux-ppc64le-0.14.10.tgz#becd965bfe3425d41e026f1c4678b393127fecbd"
  integrity sha512-vsOWZjm0rZix7HSmqwPph9arRVCyPtUpcURdayQDuIhMG2/UxJxpbdRaa//w4zYqcJzAWwuyH2PAlyy0ZNuxqQ==

esbuild-linux-s390x@0.14.10:
  version "0.14.10"
  resolved "https://registry.yarnpkg.com/esbuild-linux-s390x/-/esbuild-linux-s390x-0.14.10.tgz#cc4228ac842febc48b84757814bed964a619be62"
  integrity sha512-knArKKZm0ypIYWOWyOT7+accVwbVV1LZnl2FWWy05u9Tyv5oqJ2F5+X2Vqe/gqd61enJXQWqoufXopvG3zULOg==

esbuild-netbsd-64@0.14.10:
  version "0.14.10"
  resolved "https://registry.yarnpkg.com/esbuild-netbsd-64/-/esbuild-netbsd-64-0.14.10.tgz#6ec50d9e4547a7579f447307b19f66bbedfd868b"
  integrity sha512-6Gg8neVcLeyq0yt9bZpReb8ntZ8LBEjthxrcYWVrBElcltnDjIy1hrzsujt0+sC2rL+TlSsE9dzgyuvlDdPp2w==

esbuild-openbsd-64@0.14.10:
  version "0.14.10"
  resolved "https://registry.yarnpkg.com/esbuild-openbsd-64/-/esbuild-openbsd-64-0.14.10.tgz#925ac3d2326cc219d514e1ca806e80e5143aa043"
  integrity sha512-9rkHZzp10zI90CfKbFrwmQjqZaeDmyQ6s9/hvCwRkbOCHuto6RvMYH9ghQpcr5cUxD5OQIA+sHXi0zokRNXjcg==

esbuild-sunos-64@0.14.10:
  version "0.14.10"
  resolved "https://registry.yarnpkg.com/esbuild-sunos-64/-/esbuild-sunos-64-0.14.10.tgz#8d3576d8cac5c4f9f2a84be81b9078d424dbc739"
  integrity sha512-mEU+pqkhkhbwpJj5DiN3vL0GUFR/yrL3qj8ER1amIVyRibKbj02VM1QaIuk1sy5DRVIKiFXXgCaHvH3RNWCHIw==

esbuild-windows-32@0.14.10:
  version "0.14.10"
  resolved "https://registry.yarnpkg.com/esbuild-windows-32/-/esbuild-windows-32-0.14.10.tgz#8a67fca4cb594a340566d66eef3f568f65057a48"
  integrity sha512-Z5DieUL1N6s78dOSdL95KWf8Y89RtPGxIoMF+LEy8ChDsX+pZpz6uAVCn+YaWpqQXO+2TnrcbgBIoprq2Mco1g==

esbuild-windows-64@0.14.10:
  version "0.14.10"
  resolved "https://registry.yarnpkg.com/esbuild-windows-64/-/esbuild-windows-64-0.14.10.tgz#5e6d7c475ff6a71ad0aa4046894364e6c40a9249"
  integrity sha512-LE5Mm62y0Bilu7RDryBhHIX8rK3at5VwJ6IGM3BsASidCfOBTzqcs7Yy0/Vkq39VKeTmy9/66BAfVoZRNznoDw==

esbuild-windows-arm64@0.14.10:
  version "0.14.10"
  resolved "https://registry.yarnpkg.com/esbuild-windows-arm64/-/esbuild-windows-arm64-0.14.10.tgz#50ab9a83f6ccf71c272e58489ecc4d7375075f32"
  integrity sha512-OJOyxDtabvcUYTc+O4dR0JMzLBz6G9+gXIHA7Oc5d5Fv1xiYa0nUeo8+W5s2e6ZkPRdIwOseYoL70rZz80S5BA==

esbuild@0.14.10:
  version "0.14.10"
  resolved "https://registry.yarnpkg.com/esbuild/-/esbuild-0.14.10.tgz#10268d2b576b25ed6f8554553413988628a7767b"
  integrity sha512-ibZb+NwFqBwHHJlpnFMtg4aNmVK+LUtYMFC9CuKs6lDCBEvCHpqCFZFEirpqt1jOugwKGx8gALNGvX56lQyfew==
  optionalDependencies:
    esbuild-android-arm64 "0.14.10"
    esbuild-darwin-64 "0.14.10"
    esbuild-darwin-arm64 "0.14.10"
    esbuild-freebsd-64 "0.14.10"
    esbuild-freebsd-arm64 "0.14.10"
    esbuild-linux-32 "0.14.10"
    esbuild-linux-64 "0.14.10"
    esbuild-linux-arm "0.14.10"
    esbuild-linux-arm64 "0.14.10"
    esbuild-linux-mips64le "0.14.10"
    esbuild-linux-ppc64le "0.14.10"
    esbuild-linux-s390x "0.14.10"
    esbuild-netbsd-64 "0.14.10"
    esbuild-openbsd-64 "0.14.10"
    esbuild-sunos-64 "0.14.10"
    esbuild-windows-32 "0.14.10"
    esbuild-windows-64 "0.14.10"
    esbuild-windows-arm64 "0.14.10"

fill-range@^7.1.1:
  version "7.1.1"
  resolved "https://registry.yarnpkg.com/fill-range/-/fill-range-7.1.1.tgz#44265d3cac07e3ea7dc247516380643754a05292"
  integrity sha512-YsGpe3WHLK8ZYi4tWDg2Jy3ebRz2rXowDxnld4bkQB00cc/1Zw9AWnC0i9ztDJitivtQvaI9KaLyKrc+hBW0yg==
  dependencies:
    to-regex-range "^5.0.1"

immutable@^4.0.0:
  version "4.0.0"
  resolved "https://registry.yarnpkg.com/immutable/-/immutable-4.0.0.tgz#b86f78de6adef3608395efb269a91462797e2c23"
  integrity sha512-zIE9hX70qew5qTUjSS7wi1iwj/l7+m54KWU247nhM3v806UdGj1yDndXj+IOYxxtW9zyLI+xqFNZjTuDaLUqFw==

is-extglob@^2.1.1:
  version "2.1.1"
  resolved "https://registry.yarnpkg.com/is-extglob/-/is-extglob-2.1.1.tgz#a88c02535791f02ed37c76a1b9ea9773c833f8c2"
  integrity sha1-qIwCU1eR8C7TfHahueqXc8gz+MI=

is-glob@^4.0.3:
  version "4.0.3"
  resolved "https://registry.yarnpkg.com/is-glob/-/is-glob-4.0.3.tgz#64f61e42cbbb2eec2071a9dac0b28ba1e65d5084"
  integrity sha512-xelSayHH36ZgE7ZWhli7pW34hNbNl8Ojv5KVmkJD4hBdD3th8Tfk9vYasLM+mXWOZhFkgZfxhLSnrwRr4elSSg==
  dependencies:
    is-extglob "^2.1.1"

is-number@^7.0.0:
  version "7.0.0"
  resolved "https://registry.yarnpkg.com/is-number/-/is-number-7.0.0.tgz#7535345b896734d5f80c4d06c50955527a14f12b"
  integrity sha512-41Cifkg6e8TylSpdtTpeLVMqvSBEVzTttHvERD741+pnZ8ANv0004MRL43QKPDlK9cGvNp6NZWZUBlbGXYxxng==

micromatch@^4.0.5:
  version "4.0.8"
  resolved "https://registry.yarnpkg.com/micromatch/-/micromatch-4.0.8.tgz#d66fa18f3a47076789320b9b1af32bd86d9fa202"
  integrity sha512-PXwfBhYu0hBCPw8Dn0E+WDYb7af3dSLVWKi3HGv84IdF4TyFoC0ysxFd0Goxw7nSv4T/PzEJQxsYsEiFCKo2BA==
  dependencies:
    braces "^3.0.3"
    picomatch "^2.3.1"

node-addon-api@^7.0.0:
  version "7.1.1"
  resolved "https://registry.yarnpkg.com/node-addon-api/-/node-addon-api-7.1.1.tgz#1aba6693b0f255258a049d621329329322aad558"
  integrity sha512-5m3bsyrjFWE1xf7nz7YXdN4udnVtXK6/Yfgn5qnahL6bCkf2yKt4k3nuTKAtT4r3IG8JNR2ncsIMdZuAzJjHQQ==

picomatch@^2.3.1:
  version "2.3.1"
  resolved "https://registry.yarnpkg.com/picomatch/-/picomatch-2.3.1.tgz#3ba3833733646d9d3e4995946c1365a67fb07a42"
  integrity sha512-JU3teHTNjmE2VCGFzuY8EXzCDVwEqB2a8fsIvwaStHhAWJEeVd1o1QD80CU6+ZdEXXSLbSsuLwJjkCBWqRQUVA==

readdirp@^4.0.1:
  version "4.0.2"
  resolved "https://registry.yarnpkg.com/readdirp/-/readdirp-4.0.2.tgz#388fccb8b75665da3abffe2d8f8ed59fe74c230a"
  integrity sha512-yDMz9g+VaZkqBYS/ozoBJwaBhTbZo3UNYQHNRw1D3UFQB8oHB4uS/tAODO+ZLjGWmUbKnIlOWO+aaIiAxrUWHA==

sass@1.80.2:
  version "1.80.2"
  resolved "https://registry.yarnpkg.com/sass/-/sass-1.80.2.tgz#9d13d85a4f81bb17e09d1dc3e1c0944f7fd7315e"
  integrity sha512-9wXY8cGBlUmoUoT+vwOZOFCiS+naiWVjqlreN9ar9PudXbGwlMTFwCR5K9kB4dFumJ6ib98wZyAObJKsWf1nAA==
  dependencies:
    "@parcel/watcher" "^2.4.1"
    chokidar "^4.0.0"
    immutable "^4.0.0"
    source-map-js ">=0.6.2 <2.0.0"

"source-map-js@>=0.6.2 <2.0.0":
  version "1.0.1"
  resolved "https://registry.yarnpkg.com/source-map-js/-/source-map-js-1.0.1.tgz#a1741c131e3c77d048252adfa24e23b908670caf"
  integrity sha512-4+TN2b3tqOCd/kaGRJ/sTYA0tR0mdXx26ipdolxcwtJVqEnqNYvlCAt1q3ypy4QMlYus+Zh34RNtYLoq2oQ4IA==

to-regex-range@^5.0.1:
  version "5.0.1"
  resolved "https://registry.yarnpkg.com/to-regex-range/-/to-regex-range-5.0.1.tgz#1648c44aae7c8d988a326018ed72f5b4dd0392e4"
  integrity sha512-65P7iz6X5yEr1cwcgvQxbbIw7Uk3gOy5dIdtZ4rDveLqhrdJP+Li/Hx6tyK0NEb+2GCyneCMJiGqrADCSNk8sQ==
  dependencies:
    is-number "^7.0.0"
